
Microsoft Visual Studio Solution File, Format Version 12.00
# Visual Studio Version 16
VisualStudioVersion = 16.0.34601.136
MinimumVisualStudioVersion = 10.0.40219.1
Project("{FAE04EC0-301F-11D3-BF4B-00C04F79EFBC}") = "Train_Reservation_System", "Train_Reservation_System\Train_Reservation_System.csproj", "{A147D513-3244-4663-BC97-2DD5F44AAC23}"
EndProject
Global
	GlobalSection(SolutionConfigurationPlatforms) = preSolution
		Debug|Any CPU = Debug|Any CPU
		Release|Any CPU = Release|Any CPU
	EndGlobalSection
	GlobalSection(ProjectConfigurationPlatforms) = postSolution
		{A147D513-3244-4663-BC97-2DD5F44AAC23}.Debug|Any CPU.ActiveCfg = Debug|Any CPU
		{A147D513-3244-4663-BC97-2DD5F44AAC23}.Debug|Any CPU.Build.0 = Debug|Any CPU
		{A147D513-3244-4663-BC97-2DD5F44AAC23}.Release|Any CPU.ActiveCfg = Release|Any CPU
		{A147D513-3244-4663-BC97-2DD5F44AAC23}.Release|Any CPU.Build.0 = Release|Any CPU
	EndGlobalSection
	GlobalSection(SolutionProperties) = preSolution
		HideSolutionNode = FALSE
	EndGlobalSection
	GlobalSection(ExtensibilityGlobals) = postSolution
		SolutionGuid = {526329F0-4F0D-4183-9930-FACBCEA94408}
	EndGlobalSection
EndGlobal
