
Microsoft Visual Studio Solution File, Format Version 12.00
# Visual Studio Version 17
VisualStudioVersion = 17.9.34728.123
MinimumVisualStudioVersion = 10.0.40219.1
Project("{FAE04EC0-301F-11D3-BF4B-00C04F79EFBC}") = "08_MAY_MVC_DB_First_Test", "08_MAY_MVC_DB_First_Test\08_MAY_MVC_DB_First_Test.csproj", "{38EBDD25-5BAD-4888-A115-6D47348BEC1F}"
EndProject
Global
	GlobalSection(SolutionConfigurationPlatforms) = preSolution
		Debug|Any CPU = Debug|Any CPU
		Release|Any CPU = Release|Any CPU
	EndGlobalSection
	GlobalSection(ProjectConfigurationPlatforms) = postSolution
		{38EBDD25-5BAD-4888-A115-6D47348BEC1F}.Debug|Any CPU.ActiveCfg = Debug|Any CPU
		{38EBDD25-5BAD-4888-A115-6D47348BEC1F}.Debug|Any CPU.Build.0 = Debug|Any CPU
		{38EBDD25-5BAD-4888-A115-6D47348BEC1F}.Release|Any CPU.ActiveCfg = Release|Any CPU
		{38EBDD25-5BAD-4888-A115-6D47348BEC1F}.Release|Any CPU.Build.0 = Release|Any CPU
	EndGlobalSection
	GlobalSection(SolutionProperties) = preSolution
		HideSolutionNode = FALSE
	EndGlobalSection
	GlobalSection(ExtensibilityGlobals) = postSolution
		SolutionGuid = {216BF847-DBC2-483D-B4BD-011A69324BC5}
	EndGlobalSection
EndGlobal
